
Microsoft Visual Studio Solution File, Format Version 12.00
# Visual Studio Version 17
VisualStudioVersion = 17.11.35431.28
MinimumVisualStudioVersion = 10.0.40219.1
Project("{FAE04EC0-301F-11D3-BF4B-00C04F79EFBC}") = "Рябинин", "Рябинин\Рябинин.csproj", "{98EADE06-85C7-47EE-BB03-C18013D91C7B}"
EndProject
Project("{FAE04EC0-301F-11D3-BF4B-00C04F79EFBC}") = "MainProgram()", "MainProgram()\MainProgram().csproj", "{03EE51B0-D9E4-453F-B4BD-7C811865D0BB}"
EndProject
Global
	GlobalSection(SolutionConfigurationPlatforms) = preSolution
		Debug|Any CPU = Debug|Any CPU
		Release|Any CPU = Release|Any CPU
	EndGlobalSection
	GlobalSection(ProjectConfigurationPlatforms) = postSolution
		{98EADE06-85C7-47EE-BB03-C18013D91C7B}.Debug|Any CPU.ActiveCfg = Debug|Any CPU
		{98EADE06-85C7-47EE-BB03-C18013D91C7B}.Debug|Any CPU.Build.0 = Debug|Any CPU
		{98EADE06-85C7-47EE-BB03-C18013D91C7B}.Release|Any CPU.ActiveCfg = Release|Any CPU
		{98EADE06-85C7-47EE-BB03-C18013D91C7B}.Release|Any CPU.Build.0 = Release|Any CPU
		{03EE51B0-D9E4-453F-B4BD-7C811865D0BB}.Debug|Any CPU.ActiveCfg = Debug|Any CPU
		{03EE51B0-D9E4-453F-B4BD-7C811865D0BB}.Debug|Any CPU.Build.0 = Debug|Any CPU
		{03EE51B0-D9E4-453F-B4BD-7C811865D0BB}.Release|Any CPU.ActiveCfg = Release|Any CPU
		{03EE51B0-D9E4-453F-B4BD-7C811865D0BB}.Release|Any CPU.Build.0 = Release|Any CPU
	EndGlobalSection
	GlobalSection(SolutionProperties) = preSolution
		HideSolutionNode = FALSE
	EndGlobalSection
	GlobalSection(ExtensibilityGlobals) = postSolution
		SolutionGuid = {ABDB0CBF-7017-4BB6-BBB7-925FF646CF4D}
	EndGlobalSection
EndGlobal
